<?xml version="1.0" encoding="utf-8"?>
<Project ToolsVersion="4.0" xmlns="http://schemas.microsoft.com/developer/msbuild/2003">
  <ItemGroup>
    <Filter Include="Source Files">
      <UniqueIdentifier>{4FC737F1-C7A5-4376-A066-2A32D752A2FF}</UniqueIdentifier>
      <Extensions>cpp;c;cc;cxx;def;odl;idl;hpj;bat;asm;asmx</Extensions>
    </Filter>
    <Filter Include="Header Files">
      <UniqueIdentifier>{93995380-89BD-4b04-88EB-625FBE52EBFB}</UniqueIdentifier>
      <Extensions>h;hh;hpp;hxx;hm;inl;inc;xsd</Extensions>
    </Filter>
    <Filter Include="Resource Files">
      <UniqueIdentifier>{67DA6AB6-F800-4c08-8B7A-83BB121AAD01}</UniqueIdentifier>
      <Extensions>rc;ico;cur;bmp;dlg;rc2;rct;bin;rgs;gif;jpg;jpeg;jpe;resx;tiff;tif;png;wav;mfcribbon-ms</Extensions>
    </Filter>
  </ItemGroup>
  <ItemGroup>
    <ClInclude Include="VectorClass.h">
      <Filter>Header Files</Filter>
    </ClInclude>
    <ClInclude Include="RayClass.h">
      <Filter>Header Files</Filter>
    </ClInclude>
    <ClInclude Include="CameraClass.h">
      <Filter>Header Files</Filter>
    </ClInclude>
    <ClInclude Include="ColourClass.h">
      <Filter>Header Files</Filter>
    </ClInclude>
    <ClInclude Include="SphereClass.h">
      <Filter>Header Files</Filter>
    </ClInclude>
    <ClInclude Include="ObjectClass.h">
      <Filter>Header Files</Filter>
    </ClInclude>
    <ClInclude Include="resource.h">
      <Filter>Header Files</Filter>
    </ClInclude>
    <ClInclude Include="lodepng.h">
      <Filter>Header Files</Filter>
    </ClInclude>
    <ClInclude Include="TriangleClass.h">
      <Filter>Header Files</Filter>
    </ClInclude>
    <ClInclude Include="PlaneClass.h">
      <Filter>Header Files</Filter>
    </ClInclude>
    <ClInclude Include="IlluminationClass.h">
      <Filter>Header Files</Filter>
    </ClInclude>
    <ClInclude Include="AABBClass.h">
      <Filter>Header Files</Filter>
    </ClInclude>
    <ClInclude Include="PhongModel.h">
      <Filter>Header Files</Filter>
    </ClInclude>
    <ClInclude Include="StraussModel.h">
      <Filter>Header Files</Filter>
    </ClInclude>
    <ClInclude Include="PhongBlinnModel.h">
      <Filter>Header Files</Filter>
    </ClInclude>
    <ClInclude Include="CheckerboardPattern.h">
      <Filter>Header Files</Filter>
    </ClInclude>
    <ClInclude Include="NoShadingModel.h">
      <Filter>Header Files</Filter>
    </ClInclude>
    <ClInclude Include="ToneReproduction.h">
      <Filter>Header Files</Filter>
    </ClInclude>
    <ClInclude Include="TextureMapping.h">
      <Filter>Header Files</Filter>
    </ClInclude>
    <ClInclude Include="ReadFromFile.h">
      <Filter>Header Files</Filter>
    </ClInclude>
    <ClInclude Include="KDNode.h">
      <Filter>Header Files</Filter>
    </ClInclude>
    <ClInclude Include="IntersectionInfo.h">
      <Filter>Header Files</Filter>
    </ClInclude>
    <ClInclude Include="ObjLoaderClass.h">
      <Filter>Header Files</Filter>
    </ClInclude>
    <ClInclude Include="MatrixClass.h">
      <Filter>Header Files</Filter>
    </ClInclude>
    <ClInclude Include="SaveToFIle.h">
      <Filter>Header Files</Filter>
    </ClInclude>
    <ClInclude Include="Tracing.h">
      <Filter>Header Files</Filter>
    </ClInclude>
    <ClInclude Include="IncludesList.h">
      <Filter>Header Files</Filter>
    </ClInclude>
    <ClInclude Include="Matrix4x4.h">
      <Filter>Header Files</Filter>
    </ClInclude>
    <ClInclude Include="ReferenceCounted.h">
      <Filter>Header Files</Filter>
    </ClInclude>
    <ClInclude Include="Reference.h">
      <Filter>Header Files</Filter>
    </ClInclude>
    <ClInclude Include="Transform.h">
      <Filter>Header Files</Filter>
    </ClInclude>
    <ClInclude Include="CustomMath.h">
      <Filter>Header Files</Filter>
    </ClInclude>
    <ClInclude Include="SimpleDiffuseModel.h">
      <Filter>Header Files</Filter>
    </ClInclude>
    <ClInclude Include="Render.h">
      <Filter>Header Files</Filter>
    </ClInclude>
  </ItemGroup>
  <ItemGroup>
    <ClCompile Include="main.cpp">
      <Filter>Source Files</Filter>
    </ClCompile>
    <ClCompile Include="lodepng.cpp">
      <Filter>Source Files</Filter>
    </ClCompile>
    <ClCompile Include="VectorClass.cpp">
      <Filter>Source Files</Filter>
    </ClCompile>
    <ClCompile Include="TriangleClass.cpp">
      <Filter>Source Files</Filter>
    </ClCompile>
    <ClCompile Include="ColourClass.cpp">
      <Filter>Source Files</Filter>
    </ClCompile>
    <ClCompile Include="PhongModel.cpp">
      <Filter>Source Files</Filter>
    </ClCompile>
    <ClCompile Include="IlluminationClass.cpp">
      <Filter>Source Files</Filter>
    </ClCompile>
    <ClCompile Include="ObjLoaderClass.cpp">
      <Filter>Source Files</Filter>
    </ClCompile>
    <ClCompile Include="AABBClass.cpp">
      <Filter>Source Files</Filter>
    </ClCompile>
    <ClCompile Include="ToneReproduction.cpp">
      <Filter>Source Files</Filter>
    </ClCompile>
    <ClCompile Include="TextureMapping.cpp">
      <Filter>Source Files</Filter>
    </ClCompile>
    <ClCompile Include="StraussModel.cpp">
      <Filter>Source Files</Filter>
    </ClCompile>
    <ClCompile Include="SphereClass.cpp">
      <Filter>Source Files</Filter>
    </ClCompile>
    <ClCompile Include="ReadFromFile.cpp">
      <Filter>Source Files</Filter>
    </ClCompile>
    <ClCompile Include="RayClass.cpp">
      <Filter>Source Files</Filter>
    </ClCompile>
    <ClCompile Include="PlaneClass.cpp">
      <Filter>Source Files</Filter>
    </ClCompile>
    <ClCompile Include="PhongBlinnModel.cpp">
      <Filter>Source Files</Filter>
    </ClCompile>
    <ClCompile Include="NoShadingModel.cpp">
      <Filter>Source Files</Filter>
    </ClCompile>
    <ClCompile Include="MatrixClass.cpp">
      <Filter>Source Files</Filter>
    </ClCompile>
    <ClCompile Include="KDNode.cpp">
      <Filter>Source Files</Filter>
    </ClCompile>
    <ClCompile Include="CheckerboardPattern.cpp">
      <Filter>Source Files</Filter>
    </ClCompile>
    <ClCompile Include="CameraClass.cpp">
      <Filter>Source Files</Filter>
    </ClCompile>
    <ClCompile Include="SaveToFIle.cpp">
      <Filter>Source Files</Filter>
    </ClCompile>
    <ClCompile Include="ObjectClass.cpp">
      <Filter>Source Files</Filter>
    </ClCompile>
    <ClCompile Include="Tracing.cpp">
      <Filter>Source Files</Filter>
    </ClCompile>
    <ClCompile Include="Matrix4x4.cpp">
      <Filter>Source Files</Filter>
    </ClCompile>
    <ClCompile Include="Transform.cpp">
      <Filter>Source Files</Filter>
    </ClCompile>
    <ClCompile Include="SimpleDiffuseModel.cpp">
      <Filter>Source Files</Filter>
    </ClCompile>
    <ClCompile Include="Render.cpp">
      <Filter>Source Files</Filter>
    </ClCompile>
  </ItemGroup>
  <ItemGroup>
    <ResourceCompile Include="RayTracing.rc">
      <Filter>Resource Files</Filter>
    </ResourceCompile>
  </ItemGroup>
  <ItemGroup>
    <Image Include="scene_Vishwanath.bmp">
      <Filter>Resource Files</Filter>
    </Image>
    <Image Include="scene_Vishwanath_brute.bmp">
      <Filter>Resource Files</Filter>
    </Image>
    <Image Include="scene_debug.bmp">
      <Filter>Resource Files</Filter>
    </Image>
    <Image Include="scene_anti-aliased.bmp">
      <Filter>Resource Files</Filter>
    </Image>
    <Image Include="scene_anti-aliased02.bmp">
      <Filter>Resource Files</Filter>
    </Image>
    <Image Include="scene_anti-aliased02_sampled4.bmp">
      <Filter>Resource Files</Filter>
    </Image>
    <Image Include="scene_Vishwanath - bunny_FullyBlack.bmp">
      <Filter>Resource Files</Filter>
    </Image>
    <Image Include="scene_Vishwanath - bunny_FullyBlack.jpg">
      <Filter>Resource Files</Filter>
    </Image>
    <Image Include="scene_Vishwanath - planeTestPerpCutSeparateVerts.bmp">
      <Filter>Resource Files</Filter>
    </Image>
    <Image Include="Readthisfile.bmp">
      <Filter>Resource Files</Filter>
    </Image>
    <Image Include="Read.bmp">
      <Filter>Resource Files</Filter>
    </Image>
    <Image Include="Texturemaps\24-320x240.bmp">
      <Filter>Resource Files</Filter>
    </Image>
    <Image Include="Texturemaps\24-640x480.bmp">
      <Filter>Resource Files</Filter>
    </Image>
    <Image Include="Texturemaps\world_map_dual_monitor-wallpaper-320x240.jpg">
      <Filter>Resource Files</Filter>
    </Image>
    <Image Include="Texturemaps\world_map_dual_monitor-wallpaper-640x480.jpg">
      <Filter>Resource Files</Filter>
    </Image>
    <Image Include="Texturemaps\world_map_dual_monitor-wallpaper-1440x900.jpg">
      <Filter>Resource Files</Filter>
    </Image>
    <Image Include="Texturemaps\world_map_dual_monitor-wallpaper-1600x900.jpg">
      <Filter>Resource Files</Filter>
    </Image>
    <Image Include="test\no specular.bmp">
      <Filter>Resource Files</Filter>
    </Image>
    <Image Include="test\scene_anti-aliased - Copy (2).bmp">
      <Filter>Resource Files</Filter>
    </Image>
    <Image Include="test\scene_anti-aliased - Copy.bmp">
      <Filter>Resource Files</Filter>
    </Image>
    <Image Include="test\scene_anti-aliased Multiple spheres.bmp">
      <Filter>Resource Files</Filter>
    </Image>
    <Image Include="test\scene_anti-aliased.jpg">
      <Filter>Resource Files</Filter>
    </Image>
    <Image Include="test\scene_anti-aliased_check2.jpg">
      <Filter>Resource Files</Filter>
    </Image>
    <Image Include="test\scene_anti-aliased_diffuse01.jpg">
      <Filter>Resource Files</Filter>
    </Image>
    <Image Include="test\scene_anti-aliased_tri01.jpg">
      <Filter>Resource Files</Filter>
    </Image>
    <Image Include="test\scene_anti-aliasedblinn.jpg">
      <Filter>Resource Files</Filter>
    </Image>
    <Image Include="test\scene_anti-aliasedblinn12.5.jpg">
      <Filter>Resource Files</Filter>
    </Image>
    <Image Include="test\scene_anti-aliasedphong.jpg">
      <Filter>Resource Files</Filter>
    </Image>
    <Image Include="test\scene_anti-aliasedtest.bmp">
      <Filter>Resource Files</Filter>
    </Image>
    <Image Include="test\scene_anti-aliasedTESTTransmission.bmp">
      <Filter>Resource Files</Filter>
    </Image>
    <Image Include="test\scene_anti-aliasedtestwrongIll.jpg">
      <Filter>Resource Files</Filter>
    </Image>
    <Image Include="test\scene_anti-aliasedTransmission...LOL.bmp">
      <Filter>Resource Files</Filter>
    </Image>
    <Image Include="test\specular.bmp">
      <Filter>Resource Files</Filter>
    </Image>
    <Image Include="parsed-object-comparisons\bunnyBlender_v2_obj_blender.png">
      <Filter>Resource Files</Filter>
    </Image>
    <Image Include="parsed-object-comparisons\bunnyBlender_v2_obj_raytracer.bmp">
      <Filter>Resource Files</Filter>
    </Image>
    <Image Include="parsed-object-comparisons\bunnyBlender_v2_obj_raytracer_bruteforce_2203sec.bmp">
      <Filter>Resource Files</Filter>
    </Image>
    <Image Include="parsed-object-comparisons\bunnyBlender_v2_obj_raytracer_kdTree_2217sec.bmp">
      <Filter>Resource Files</Filter>
    </Image>
  </ItemGroup>
  <ItemGroup>
    <None Include="scene_debug.ppm" />
    <None Include="Main BAckupbefore changing shadows.cp" />
    <None Include="newBunny.mtl" />
    <None Include="parsed-object-comparisons\bunnyBlender_v2.blend" />
    <None Include="parsed-object-comparisons\firstTriangle_of_CubeStraightobj.blend" />
    <None Include="parsed-object-comparisons\firstTriangle_of_CubeStraightobj.blend1" />
  </ItemGroup>
  <ItemGroup>
    <Text Include="scene_debug-bmp.txt" />
    <Text Include="scene_debug-ppm.txt" />
    <Text Include="outputNormal.txt" />
    <Text Include="outputKDTREE.txt" />
    <Text Include="parsed-object-comparisons\ParsedComparisons_MiscFile.txt" />
  </ItemGroup>
  <ItemGroup>
    <Object Include="models\bunnyBlender_v2.obj" />
    <Object Include="models\cubeStraight.obj" />
    <Object Include="models\icosphereObj.obj" />
    <Object Include="models\newBunny.obj" />
    <Object Include="models\planeTestMaya.obj" />
    <Object Include="models\planeTestMayaPerpcular.obj" />
    <Object Include="models\planeTestMayaPerpcularCut.obj" />
    <Object Include="models\planeTestMayaPerpcularCutVertsMerged.obj" />
    <Object Include="models\sphereObj.obj" />
    <Object Include="models\teapot.obj" />
    <Object Include="models\unityBunny.obj" />
    <Object Include="models\unityBunnyS15.obj" />
    <Object Include="models\unityCube.obj" />
    <Object Include="models\unityCubeS0-5.obj" />
    <Object Include="models\unityCubeT.obj" />
    <Object Include="models\bunny.obj" />
    <Object Include="models\bunnyBlender.obj" />
  </ItemGroup>
</Project>